
Microsoft Visual Studio Solution File, Format Version 12.00
# Visual Studio 14
VisualStudioVersion = 14.0.24720.0
MinimumVisualStudioVersion = 10.0.40219.1
Project("{FAE04EC0-301F-11D3-BF4B-00C04F79EFBC}") = "PizzaShack", "PizzaShack\PizzaShack.csproj", "{A79CC8F6-AED2-466F-A4DF-8ADE3E4DFE8F}"
EndProject
Project("{FAE04EC0-301F-11D3-BF4B-00C04F79EFBC}") = "PizzaShackTests", "PizzaShackTests\PizzaShackTests.csproj", "{FF0A3764-7C02-4372-8F3E-A21A927169D2}"
EndProject
Global
	GlobalSection(SolutionConfigurationPlatforms) = preSolution
		Debug|Any CPU = Debug|Any CPU
		Release|Any CPU = Release|Any CPU
	EndGlobalSection
	GlobalSection(ProjectConfigurationPlatforms) = postSolution
		{A79CC8F6-AED2-466F-A4DF-8ADE3E4DFE8F}.Debug|Any CPU.ActiveCfg = Debug|Any CPU
		{A79CC8F6-AED2-466F-A4DF-8ADE3E4DFE8F}.Debug|Any CPU.Build.0 = Debug|Any CPU
		{A79CC8F6-AED2-466F-A4DF-8ADE3E4DFE8F}.Release|Any CPU.ActiveCfg = Release|Any CPU
		{A79CC8F6-AED2-466F-A4DF-8ADE3E4DFE8F}.Release|Any CPU.Build.0 = Release|Any CPU
		{FF0A3764-7C02-4372-8F3E-A21A927169D2}.Debug|Any CPU.ActiveCfg = Debug|Any CPU
		{FF0A3764-7C02-4372-8F3E-A21A927169D2}.Debug|Any CPU.Build.0 = Debug|Any CPU
		{FF0A3764-7C02-4372-8F3E-A21A927169D2}.Release|Any CPU.ActiveCfg = Release|Any CPU
		{FF0A3764-7C02-4372-8F3E-A21A927169D2}.Release|Any CPU.Build.0 = Release|Any CPU
	EndGlobalSection
	GlobalSection(SolutionProperties) = preSolution
		HideSolutionNode = FALSE
	EndGlobalSection
EndGlobal
